<?xml version="1.0" encoding="UTF-8" standalone="yes" ?>
<CodeBlocks_project_file>
	<FileVersion major="1" minor="6" />
	<Project>
		<Option title="SQLite Module for libudjat" />
		<Option makefile_is_custom="1" />
		<Option pch_mode="2" />
		<Option compiler="gcc" />
		<Build>
			<Target title="Debug">
				<Option output=".bin/Debug/SQLite Module for libudjat" prefix_auto="1" extension_auto="1" />
				<Option object_output=".obj/Debug/" />
				<Option type="1" />
				<Option compiler="gcc" />
				<Compiler>
					<Add option="-g" />
				</Compiler>
			</Target>
			<Target title="Release">
				<Option output=".bin/Release/SQLite Module for libudjat" prefix_auto="1" extension_auto="1" />
				<Option object_output=".obj/Release/" />
				<Option type="1" />
				<Option compiler="gcc" />
				<Compiler>
					<Add option="-O2" />
				</Compiler>
				<Linker>
					<Add option="-s" />
				</Linker>
			</Target>
		</Build>
		<Compiler>
			<Add option="-Wall" />
		</Compiler>
		<Unit filename="intl/eval-plural.h" />
		<Unit filename="intl/gettextP.h" />
		<Unit filename="intl/gmo.h" />
		<Unit filename="intl/hash-string.h" />
		<Unit filename="intl/loadinfo.h" />
		<Unit filename="intl/localcharset.h" />
		<Unit filename="intl/os2compat.h" />
		<Unit filename="intl/plural-exp.h" />
		<Unit filename="intl/printf-args.h" />
		<Unit filename="intl/printf-parse.h" />
		<Unit filename="intl/relocatable.h" />
		<Unit filename="intl/vasnprintf.h" />
		<Unit filename="intl/vasnwprintf.h" />
		<Unit filename="intl/wprintf-parse.h" />
		<Unit filename="intl/xsize.h" />
		<Unit filename="src/include/config.h" />
		<Unit filename="src/include/udjat/sqlite/database.h" />
		<Unit filename="src/library/database.cc" />
		<Unit filename="src/module/init.cc" />
		<Unit filename="src/module/module.cc" />
		<Unit filename="src/module/private.h" />
		<Unit filename="src/testprogram/testprogram.cc" />
		<Extensions />
	</Project>
</CodeBlocks_project_file>
